PODS:
  - Instantiate (4.0.0)
  - InstantiateStandard (4.0.0):
    - Instantiate (~> 4.0)

DEPENDENCIES:
  - Instantiate
  - InstantiateStandard

SPEC REPOS:
  trunk:
    - Instantiate
    - InstantiateStandard

SPEC CHECKSUMS:
  Instantiate: 62516e7dde448721c1f5815a9ee7e0669d034d52
  InstantiateStandard: 18ab1417ba787113350c71a5b2251f0b4448be67

PODFILE CHECKSUM: d08b08baf5aced4c6d90c42e7fa226371b5f24be

COCOAPODS: 1.8.4
